
Microsoft Visual Studio Solution File, Format Version 12.00
# Visual Studio Version 17
VisualStudioVersion = 17.4.33110.190
MinimumVisualStudioVersion = 10.0.40219.1
Project("{FAE04EC0-301F-11D3-BF4B-00C04F79EFBC}") = "SearchOrders", "SearchOrders\SearchOrders.csproj", "{C5380795-7397-460F-BA6F-9070B3498786}"
EndProject
Global
	GlobalSection(SolutionConfigurationPlatforms) = preSolution
		Debug|Any CPU = Debug|Any CPU
		Release|Any CPU = Release|Any CPU
	EndGlobalSection
	GlobalSection(ProjectConfigurationPlatforms) = postSolution
		{C5380795-7397-460F-BA6F-9070B3498786}.Debug|Any CPU.ActiveCfg = Debug|Any CPU
		{C5380795-7397-460F-BA6F-9070B3498786}.Debug|Any CPU.Build.0 = Debug|Any CPU
		{C5380795-7397-460F-BA6F-9070B3498786}.Release|Any CPU.ActiveCfg = Release|Any CPU
		{C5380795-7397-460F-BA6F-9070B3498786}.Release|Any CPU.Build.0 = Release|Any CPU
	EndGlobalSection
	GlobalSection(SolutionProperties) = preSolution
		HideSolutionNode = FALSE
	EndGlobalSection
	GlobalSection(ExtensibilityGlobals) = postSolution
		SolutionGuid = {B35DFA20-6921-446C-BB11-960E23FF6A6D}
	EndGlobalSection
EndGlobal
